// !$*UTF8*$!
{
	archiveVersion = 1;
	classes = {
	};
	objectVersion = 50;
	objects = {

/* Begin PBXBuildFile section */
		5D24BF2D2234437800CCCFCA /* AppDelegate.swift in Sources */ = {isa = PBXBuildFile; fileRef = 5D24BF2C2234437800CCCFCA /* AppDelegate.swift */; };
		5D24BF2F2234437800CCCFCA /* ViewController.swift in Sources */ = {isa = PBXBuildFile; fileRef = 5D24BF2E2234437800CCCFCA /* ViewController.swift */; };
		5D24BF322234437800CCCFCA /* Main.storyboard in Resources */ = {isa = PBXBuildFile; fileRef = 5D24BF302234437800CCCFCA /* Main.storyboard */; };
		5D24BF342234438400CCCFCA /* Assets.xcassets in Resources */ = {isa = PBXBuildFile; fileRef = 5D24BF332234438400CCCFCA /* Assets.xcassets */; };
		5D24BF372234438400CCCFCA /* LaunchScreen.storyboard in Resources */ = {isa = PBXBuildFile; fileRef = 5D24BF352234438400CCCFCA /* LaunchScreen.storyboard */; };
		5D24BF3F22344CE900CCCFCA /* Day.swift in Sources */ = {isa = PBXBuildFile; fileRef = 5D24BF3E22344CE900CCCFCA /* Day.swift */; };
		5D24BF4122344E9B00CCCFCA /* WeatherTableViewController.swift in Sources */ = {isa = PBXBuildFile; fileRef = 5D24BF4022344E9B00CCCFCA /* WeatherTableViewController.swift */; };
/* End PBXBuildFile section */

/* Begin PBXFileReference section */
		5D24BF292234437800CCCFCA /* URLComponents.app */ = {isa = PBXFileReference; explicitFileType = wrapper.application; includeInIndex = 0; path = URLComponents.app; sourceTree = BUILT_PRODUCTS_DIR; };
		5D24BF2C2234437800CCCFCA /* AppDelegate.swift */ = {isa = PBXFileReference; lastKnownFileType = sourcecode.swift; path = AppDelegate.swift; sourceTree = "<group>"; };
		5D24BF2E2234437800CCCFCA /* ViewController.swift */ = {isa = PBXFileReference; lastKnownFileType = sourcecode.swift; path = ViewController.swift; sourceTree = "<group>"; };
		5D24BF312234437800CCCFCA /* Base */ = {isa = PBXFileReference; lastKnownFileType = file.storyboard; name = Base; path = Base.lproj/Main.storyboard; sourceTree = "<group>"; };
		5D24BF332234438400CCCFCA /* Assets.xcassets */ = {isa = PBXFileReference; lastKnownFileType = folder.assetcatalog; path = Assets.xcassets; sourceTree = "<group>"; };
		5D24BF362234438400CCCFCA /* Base */ = {isa = PBXFileReference; lastKnownFileType = file.storyboard; name = Base; path = Base.lproj/LaunchScreen.storyboard; sourceTree = "<group>"; };
		5D24BF382234438400CCCFCA /* Info.plist */ = {isa = PBXFileReference; lastKnownFileType = text.plist.xml; path = Info.plist; sourceTree = "<group>"; };
		5D24BF3E22344CE900CCCFCA /* Day.swift */ = {isa = PBXFileReference; lastKnownFileType = sourcecode.swift; path = Day.swift; sourceTree = "<group>"; };
		5D24BF4022344E9B00CCCFCA /* WeatherTableViewController.swift */ = {isa = PBXFileReference; lastKnownFileType = sourcecode.swift; path = WeatherTableViewController.swift; sourceTree = "<group>"; };
/* End PBXFileReference section */

/* Begin PBXFrameworksBuildPhase section */
		5D24BF262234437700CCCFCA /* Frameworks */ = {
			isa = PBXFrameworksBuildPhase;
			buildActionMask = 2147483647;
			files = (
			);
			runOnlyForDeploymentPostprocessing = 0;
		};
/* End PBXFrameworksBuildPhase section */

/* Begin PBXGroup section */
		5D24BF202234437700CCCFCA = {
			isa = PBXGroup;
			children = (
				5D24BF2B2234437800CCCFCA /* URLComponents */,
				5D24BF2A2234437800CCCFCA /* Products */,
			);
			sourceTree = "<group>";
		};
		5D24BF2A2234437800CCCFCA /* Products */ = {
			isa = PBXGroup;
			children = (
				5D24BF292234437800CCCFCA /* URLComponents.app */,
			);
			name = Products;
			sourceTree = "<group>";
		};
		5D24BF2B2234437800CCCFCA /* URLComponents */ = {
			isa = PBXGroup;
			children = (
				5D24BF2C2234437800CCCFCA /* AppDelegate.swift */,
				5D24BF2E2234437800CCCFCA /* ViewController.swift */,
				5D24BF302234437800CCCFCA /* Main.storyboard */,
				5D24BF332234438400CCCFCA /* Assets.xcassets */,
				5D24BF352234438400CCCFCA /* LaunchScreen.storyboard */,
				5D24BF382234438400CCCFCA /* Info.plist */,
				5D24BF3E22344CE900CCCFCA /* Day.swift */,
				5D24BF4022344E9B00CCCFCA /* WeatherTableViewController.swift */,
			);
			path = URLComponents;
			sourceTree = "<group>";
		};
/* End PBXGroup section */

/* Begin PBXNativeTarget section */
		5D24BF282234437700CCCFCA /* URLComponents */ = {
			isa = PBXNativeTarget;
			buildConfigurationList = 5D24BF3B2234438400CCCFCA /* Build configuration list for PBXNativeTarget "URLComponents" */;
			buildPhases = (
				5D24BF252234437700CCCFCA /* Sources */,
				5D24BF262234437700CCCFCA /* Frameworks */,
				5D24BF272234437700CCCFCA /* Resources */,
			);
			buildRules = (
			);
			dependencies = (
			);
			name = URLComponents;
			productName = URLComponents;
			productReference = 5D24BF292234437800CCCFCA /* URLComponents.app */;
			productType = "com.apple.product-type.application";
		};
/* End PBXNativeTarget section */

/* Begin PBXProject section */
		5D24BF212234437700CCCFCA /* Project object */ = {
			isa = PBXProject;
			attributes = {
				LastSwiftUpdateCheck = 1010;
				LastUpgradeCheck = 1010;
				ORGANIZATIONNAME = "Hameed Abdullah";
				TargetAttributes = {
					5D24BF282234437700CCCFCA = {
						CreatedOnToolsVersion = 10.1;
					};
				};
			};
			buildConfigurationList = 5D24BF242234437700CCCFCA /* Build configuration list for PBXProject "URLComponents" */;
			compatibilityVersion = "Xcode 9.3";
			developmentRegion = en;
			hasScannedForEncodings = 0;
			knownRegions = (
				en,
				Base,
			);
			mainGroup = 5D24BF202234437700CCCFCA;
			productRefGroup = 5D24BF2A2234437800CCCFCA /* Products */;
			projectDirPath = "";
			projectRoot = "";
			targets = (
				5D24BF282234437700CCCFCA /* URLComponents */,
			);
		};
/* End PBXProject section */

/* Begin PBXResourcesBuildPhase section */
		5D24BF272234437700CCCFCA /* Resources */ = {
			isa = PBXResourcesBuildPhase;
			buildActionMask = 2147483647;
			files = (
				5D24BF372234438400CCCFCA /* LaunchScreen.storyboard in Resources */,
				5D24BF342234438400CCCFCA /* Assets.xcassets in Resources */,
				5D24BF322234437800CCCFCA /* Main.storyboard in Resources */,
			);
			runOnlyForDeploymentPostprocessing = 0;
		};
/* End PBXResourcesBuildPhase section */

/* Begin PBXSourcesBuildPhase section */
		5D24BF252234437700CCCFCA /* Sources */ = {
			isa = PBXSourcesBuildPhase;
			buildActionMask = 2147483647;
			files = (
				5D24BF4122344E9B00CCCFCA /* WeatherTableViewController.swift in Sources */,
				5D24BF2F2234437800CCCFCA /* ViewController.swift in Sources */,
				5D24BF2D2234437800CCCFCA /* AppDelegate.swift in Sources */,
				5D24BF3F22344CE900CCCFCA /* Day.swift in Sources */,
			);
			runOnlyForDeploymentPostprocessing = 0;
		};
/* End PBXSourcesBuildPhase section */

/* Begin PBXVariantGroup section */
		5D24BF302234437800CCCFCA /* Main.storyboard */ = {
			isa = PBXVariantGroup;
			children = (
				5D24BF312234437800CCCFCA /* Base */,
			);
			name = Main.storyboard;
			sourceTree = "<group>";
		};
		5D24BF352234438400CCCFCA /* LaunchScreen.storyboard */ = {
			isa = PBXVariantGroup;
			children = (
				5D24BF362234438400CCCFCA /* Base */,
			);
			name = LaunchScreen.storyboard;
			sourceTree = "<group>";
		};
/* End PBXVariantGroup section */

/* Begin XCBuildConfiguration section */
		5D24BF392234438400CCCFCA /* Debug */ = {
			isa = XCBuildConfiguration;
			buildSettings = {
				ALWAYS_SEARCH_USER_PATHS = NO;
				CLANG_ANALYZER_NONNULL = YES;
				CLANG_ANALYZER_NUMBER_OBJECT_CONVERSION = YES_AGGRESSIVE;
				CLANG_CXX_LANGUAGE_STANDARD = "gnu++14";
				CLANG_CXX_LIBRARY = "libc++";
				CLANG_ENABLE_MODULES = YES;
				CLANG_ENABLE_OBJC_ARC = YES;
				CLANG_ENABLE_OBJC_WEAK = YES;
				CLANG_WARN_BLOCK_CAPTURE_AUTORELEASING = YES;
				CLANG_WARN_BOOL_CONVERSION = YES;
				CLANG_WARN_COMMA = YES;
				CLANG_WARN_CONSTANT_CONVERSION = YES;
				CLANG_WARN_DEPRECATED_OBJC_IMPLEMENTATIONS = YES;
				CLANG_WARN_DIRECT_OBJC_ISA_USAGE = YES_ERROR;
				CLANG_WARN_DOCUMENTATION_COMMENTS = YES;
				CLANG_WARN_EMPTY_BODY = YES;
				CLANG_WARN_ENUM_CONVERSION = YES;
				CLANG_WARN_INFINITE_RECURSION = YES;
				CLANG_WARN_INT_CONVERSION = YES;
				CLANG_WARN_NON_LITERAL_NULL_CONVERSION = YES;
				CLANG_WARN_OBJC_IMPLICIT_RETAIN_SELF = YES;
				CLANG_WARN_OBJC_LITERAL_CONVERSION = YES;
				CLANG_WARN_OBJC_ROOT_CLASS = YES_ERROR;
				CLANG_WARN_RANGE_LOOP_ANALYSIS = YES;
				CLANG_WARN_STRICT_PROTOTYPES = YES;
				CLANG_WARN_SUSPICIOUS_MOVE = YES;
				CLANG_WARN_UNGUARDED_AVAILABILITY = YES_AGGRESSIVE;
				CLANG_WARN_UNREACHABLE_CODE = YES;
				CLANG_WARN__DUPLICATE_METHOD_MATCH = YES;
				CODE_SIGN_IDENTITY = "iPhone Developer";
				COPY_PHASE_STRIP = NO;
				DEBUG_INFORMATION_FORMAT = dwarf;
				ENABLE_STRICT_OBJC_MSGSEND = YES;
				ENABLE_TESTABILITY = YES;
				GCC_C_LANGUAGE_STANDARD = gnu11;
				GCC_DYNAMIC_NO_PIC = NO;
				GCC_NO_COMMON_BLOCKS = YES;
				GCC_OPTIMIZATION_LEVEL = 0;
				GCC_PREPROCESSOR_DEFINITIONS = (
					"DEBUG=1",
					"$(inherited)",
				);
				GCC_WARN_64_TO_32_BIT_CONVERSION = YES;
				GCC_WARN_ABOUT_RETURN_TYPE = YES_ERROR;
				GCC_WARN_UNDECLARED_SELECTOR = YES;
				GCC_WARN_UNINITIALIZED_AUTOS = YES_AGGRESSIVE;
				GCC_WARN_UNUSED_FUNCTION = YES;
				GCC_WARN_UNUSED_VARIABLE = YES;
				IPHONEOS_DEPLOYMENT_TARGET = 12.1;
				MTL_ENABLE_DEBUG_INFO = INCLUDE_SOURCE;
				MTL_FAST_MATH = YES;
				ONLY_ACTIVE_ARCH = YES;
				SDKROOT = iphoneos;
				SWIFT_ACTIVE_COMPILATION_CONDITIONS = DEBUG;
				SWIFT_OPTIMIZATION_LEVEL = "-Onone";
			};
			name = Debug;
		};
		5D24BF3A2234438400CCCFCA /* Release */ = {
			isa = XCBuildConfiguration;
			buildSettings = {
				ALWAYS_SEARCH_USER_PATHS = NO;
				CLANG_ANALYZER_NONNULL = YES;
				CLANG_ANALYZER_NUMBER_OBJECT_CONVERSION = YES_AGGRESSIVE;
				CLANG_CXX_LANGUAGE_STANDARD = "gnu++14";
				CLANG_CXX_LIBRARY = "libc++";
				CLANG_ENABLE_MODULES = YES;
				CLANG_ENABLE_OBJC_ARC = YES;
				CLANG_ENABLE_OBJC_WEAK = YES;
				CLANG_WARN_BLOCK_CAPTURE_AUTORELEASING = YES;
				CLANG_WARN_BOOL_CONVERSION = YES;
				CLANG_WARN_COMMA = YES;
				CLANG_WARN_CONSTANT_CONVERSION = YES;
				CLANG_WARN_DEPRECATED_OBJC_IMPLEMENTATIONS = YES;
				CLANG_WARN_DIRECT_OBJC_ISA_USAGE = YES_ERROR;
				CLANG_WARN_DOCUMENTATION_COMMENTS = YES;
				CLANG_WARN_EMPTY_BODY = YES;
				CLANG_WARN_ENUM_CONVERSION = YES;
				CLANG_WARN_INFINITE_RECURSION = YES;
				CLANG_WARN_INT_CONVERSION = YES;
				CLANG_WARN_NON_LITERAL_NULL_CONVERSION = YES;
				CLANG_WARN_OBJC_IMPLICIT_RETAIN_SELF = YES;
				CLANG_WARN_OBJC_LITERAL_CONVERSION = YES;
				CLANG_WARN_OBJC_ROOT_CLASS = YES_ERROR;
				CLANG_WARN_RANGE_LOOP_ANALYSIS = YES;
				CLANG_WARN_STRICT_PROTOTYPES = YES;
				CLANG_WARN_SUSPICIOUS_MOVE = YES;
				CLANG_WARN_UNGUARDED_AVAILABILITY = YES_AGGRESSIVE;
				CLANG_WARN_UNREACHABLE_CODE = YES;
				CLANG_WARN__DUPLICATE_METHOD_MATCH = YES;
				CODE_SIGN_IDENTITY = "iPhone Developer";
				COPY_PHASE_STRIP = NO;
				DEBUG_INFORMATION_FORMAT = "dwarf-with-dsym";
				ENABLE_NS_ASSERTIONS = NO;
				ENABLE_STRICT_OBJC_MSGSEND = YES;
				GCC_C_LANGUAGE_STANDARD = gnu11;
				GCC_NO_COMMON_BLOCKS = YES;
				GCC_WARN_64_TO_32_BIT_CONVERSION = YES;
				GCC_WARN_ABOUT_RETURN_TYPE = YES_ERROR;
				GCC_WARN_UNDECLARED_SELECTOR = YES;
				GCC_WARN_UNINITIALIZED_AUTOS = YES_AGGRESSIVE;
				GCC_WARN_UNUSED_FUNCTION = YES;
				GCC_WARN_UNUSED_VARIABLE = YES;
				IPHONEOS_DEPLOYMENT_TARGET = 12.1;
				MTL_ENABLE_DEBUG_INFO = NO;
				MTL_FAST_MATH = YES;
				SDKROOT = iphoneos;
				SWIFT_COMPILATION_MODE = wholemodule;
				SWIFT_OPTIMIZATION_LEVEL = "-O";
				VALIDATE_PRODUCT = YES;
			};
			name = Release;
		};
		5D24BF3C2234438400CCCFCA /* Debug */ = {
			isa = XCBuildConfiguration;
			buildSettings = {
				ASSETCATALOG_COMPILER_APPICON_NAME = AppIcon;
				CODE_SIGN_STYLE = Automatic;
				DEVELOPMENT_TEAM = RB2U67QS54;
				INFOPLIST_FILE = URLComponents/Info.plist;
				IPHONEOS_DEPLOYMENT_TARGET = 11.3;
				LD_RUNPATH_SEARCH_PATHS = (
					"$(inherited)",
					"@executable_path/Frameworks",
				);
				PRODUCT_BUNDLE_IDENTIFIER = com.MidoiOS.URLComponents;
				PRODUCT_NAME = "$(TARGET_NAME)";
				SWIFT_VERSION = 4.2;
				TARGETED_DEVICE_FAMILY = "1,2";
			};
			name = Debug;
		};
		5D24BF3D2234438400CCCFCA /* Release */ = {
			isa = XCBuildConfiguration;
			buildSettings = {
				ASSETCATALOG_COMPILER_APPICON_NAME = AppIcon;
				CODE_SIGN_STYLE = Automatic;
				DEVELOPMENT_TEAM = RB2U67QS54;
				INFOPLIST_FILE = URLComponents/Info.plist;
				IPHONEOS_DEPLOYMENT_TARGET = 11.3;
				LD_RUNPATH_SEARCH_PATHS = (
					"$(inherited)",
					"@executable_path/Frameworks",
				);
				PRODUCT_BUNDLE_IDENTIFIER = com.MidoiOS.URLComponents;
				PRODUCT_NAME = "$(TARGET_NAME)";
				SWIFT_VERSION = 4.2;
				TARGETED_DEVICE_FAMILY = "1,2";
			};
			name = Release;
		};
/* End XCBuildConfiguration section */

/* Begin XCConfigurationList section */
		5D24BF242234437700CCCFCA /* Build configuration list for PBXProject "URLComponents" */ = {
			isa = XCConfigurationList;
			buildConfigurations = (
				5D24BF392234438400CCCFCA /* Debug */,
				5D24BF3A2234438400CCCFCA /* Release */,
			);
			defaultConfigurationIsVisible = 0;
			defaultConfigurationName = Release;
		};
		5D24BF3B2234438400CCCFCA /* Build configuration list for PBXNativeTarget "URLComponents" */ = {
			isa = XCConfigurationList;
			buildConfigurations = (
				5D24BF3C2234438400CCCFCA /* Debug */,
				5D24BF3D2234438400CCCFCA /* Release */,
			);
			defaultConfigurationIsVisible = 0;
			defaultConfigurationName = Release;
		};
/* End XCConfigurationList section */
	};
	rootObject = 5D24BF212234437700CCCFCA /* Project object */;
}
